Microsoft Visual Studio Solution File, Format Version 12.00
# 17
VisualStudioVersion = 17.11.35111.106
MinimumVisualStudioVersion = 10.0.40219.1
Project("{9A19103F-16F7-4668-BE54-9A1E7A4F7556}") = "SwaggerExamples", "src\SwaggerExamples\SwaggerExamples.csproj", "{630BB47F-B4FC-4045-A588-3F6462D502AD}"
EndProject
Project("{2150E333-8FDC-42A3-9474-1A3956D46DE8}") = "src", "src", "{C6E32E07-1B19-4B5E-8F8D-F810D31A8C68}"
EndProject
Project("{2150E333-8FDC-42A3-9474-1A3956D46DE8}") = "_root", "_root", "{A0D96545-891B-4890-AAD1-9115F2EFE970}"
	ProjectSection(SolutionItems) = preProject
		.gitignore = .gitignore
		LICENSE = LICENSE
		README.md = README.md
	EndProjectSection
EndProject
Global
	GlobalSection(SolutionConfigurationPlatforms) = preSolution
		Debug|Any CPU = Debug|Any CPU
		Release|Any CPU = Release|Any CPU
	EndGlobalSection
	GlobalSection(ProjectConfigurationPlatforms) = postSolution
		{630BB47F-B4FC-4045-A588-3F6462D502AD}.Debug|Any CPU.ActiveCfg = Release|Any CPU
		{630BB47F-B4FC-4045-A588-3F6462D502AD}.Debug|Any CPU.Build.0 = Release|Any CPU
		{630BB47F-B4FC-4045-A588-3F6462D502AD}.Release|Any CPU.ActiveCfg = Release|Any CPU
		{630BB47F-B4FC-4045-A588-3F6462D502AD}.Release|Any CPU.Build.0 = Release|Any CPU
	EndGlobalSection
	GlobalSection(SolutionProperties) = preSolution
		HideSolutionNode = FALSE
	EndGlobalSection
	GlobalSection(NestedProjects) = preSolution
		{630BB47F-B4FC-4045-A588-3F6462D502AD} = {C6E32E07-1B19-4B5E-8F8D-F810D31A8C68}
	EndGlobalSection
	GlobalSection(ExtensibilityGlobals) = postSolution
		SolutionGuid = {63DF565F-C448-4674-BF5A-936102E57E98}
	EndGlobalSection
EndGlobal
